
Microsoft Visual Studio Solution File, Format Version 12.00
# Visual Studio 15
VisualStudioVersion = 15.0.27130.2010
MinimumVisualStudioVersion = 10.0.40219.1
Project("{FAE04EC0-301F-11D3-BF4B-00C04F79EFBC}") = "ConvexBorder", "APP1\ConvexBorder.csproj", "{7C20F5BD-56A4-4440-8B00-6BA6C0D89093}"
EndProject
Global
	GlobalSection(SolutionConfigurationPlatforms) = preSolution
		Debug|Any CPU = Debug|Any CPU
		Release|Any CPU = Release|Any CPU
	EndGlobalSection
	GlobalSection(ProjectConfigurationPlatforms) = postSolution
		{7C20F5BD-56A4-4440-8B00-6BA6C0D89093}.Debug|Any CPU.ActiveCfg = Debug|Any CPU
		{7C20F5BD-56A4-4440-8B00-6BA6C0D89093}.Debug|Any CPU.Build.0 = Debug|Any CPU
		{7C20F5BD-56A4-4440-8B00-6BA6C0D89093}.Release|Any CPU.ActiveCfg = Release|Any CPU
		{7C20F5BD-56A4-4440-8B00-6BA6C0D89093}.Release|Any CPU.Build.0 = Release|Any CPU
	EndGlobalSection
	GlobalSection(SolutionProperties) = preSolution
		HideSolutionNode = FALSE
	EndGlobalSection
	GlobalSection(ExtensibilityGlobals) = postSolution
		SolutionGuid = {4C39C1F4-095A-41C7-9C2E-3D3801C3C5F7}
	EndGlobalSection
EndGlobal
