
Microsoft Visual Studio Solution File, Format Version 12.00
# Visual Studio 15
VisualStudioVersion = 15.0.27428.2015
MinimumVisualStudioVersion = 10.0.40219.1
Project("{FAE04EC0-301F-11D3-BF4B-00C04F79EFBC}") = "TrueJobs", "TrueJobs\TrueJobs.csproj", "{2AA5EFC1-97F2-4280-BFB3-E5F2ECD8129B}"
EndProject
Project("{FAE04EC0-301F-11D3-BF4B-00C04F79EFBC}") = "TrueJobsTests", "TrueJobsTests\TrueJobsTests.csproj", "{4A80AD19-7CB9-4A0A-AFBF-0DF7950C6222}"
EndProject
Global
	GlobalSection(SolutionConfigurationPlatforms) = preSolution
		Debug|Any CPU = Debug|Any CPU
		Release|Any CPU = Release|Any CPU
	EndGlobalSection
	GlobalSection(ProjectConfigurationPlatforms) = postSolution
		{2AA5EFC1-97F2-4280-BFB3-E5F2ECD8129B}.Debug|Any CPU.ActiveCfg = Debug|Any CPU
		{2AA5EFC1-97F2-4280-BFB3-E5F2ECD8129B}.Debug|Any CPU.Build.0 = Debug|Any CPU
		{2AA5EFC1-97F2-4280-BFB3-E5F2ECD8129B}.Release|Any CPU.ActiveCfg = Release|Any CPU
		{2AA5EFC1-97F2-4280-BFB3-E5F2ECD8129B}.Release|Any CPU.Build.0 = Release|Any CPU
		{4A80AD19-7CB9-4A0A-AFBF-0DF7950C6222}.Debug|Any CPU.ActiveCfg = Debug|Any CPU
		{4A80AD19-7CB9-4A0A-AFBF-0DF7950C6222}.Debug|Any CPU.Build.0 = Debug|Any CPU
		{4A80AD19-7CB9-4A0A-AFBF-0DF7950C6222}.Release|Any CPU.ActiveCfg = Release|Any CPU
		{4A80AD19-7CB9-4A0A-AFBF-0DF7950C6222}.Release|Any CPU.Build.0 = Release|Any CPU
	EndGlobalSection
	GlobalSection(SolutionProperties) = preSolution
		HideSolutionNode = FALSE
	EndGlobalSection
	GlobalSection(ExtensibilityGlobals) = postSolution
		SolutionGuid = {9D02A58E-E815-4E30-8612-AB9A50B6BA6B}
	EndGlobalSection
EndGlobal
